// !$*UTF8*$!
{
	archiveVersion = 1;
	classes = {
	};
	objectVersion = 46;
	objects = {

/* Begin PBXBuildFile section */
		9EB1D9D91D9EDB75002C257C /* main.m in Sources */ = {isa = PBXBuildFile; fileRef = 9EB1D9D81D9EDB75002C257C /* main.m */; };
		9EB1D9DC1D9EDB75002C257C /* AppDelegate.m in Sources */ = {isa = PBXBuildFile; fileRef = 9EB1D9DB1D9EDB75002C257C /* AppDelegate.m */; };
		9EB1D9DF1D9EDB75002C257C /* FirstViewController.m in Sources */ = {isa = PBXBuildFile; fileRef = 9EB1D9DE1D9EDB75002C257C /* FirstViewController.m */; };
		9EB1D9E21D9EDB75002C257C /* SecondViewController.m in Sources */ = {isa = PBXBuildFile; fileRef = 9EB1D9E11D9EDB75002C257C /* SecondViewController.m */; };
		9EB1D9E51D9EDB75002C257C /* Main.storyboard in Resources */ = {isa = PBXBuildFile; fileRef = 9EB1D9E31D9EDB75002C257C /* Main.storyboard */; };
		9EB1D9E71D9EDB75002C257C /* Assets.xcassets in Resources */ = {isa = PBXBuildFile; fileRef = 9EB1D9E61D9EDB75002C257C /* Assets.xcassets */; };
		9EB1D9EA1D9EDB75002C257C /* LaunchScreen.storyboard in Resources */ = {isa = PBXBuildFile; fileRef = 9EB1D9E81D9EDB75002C257C /* LaunchScreen.storyboard */; };
/* End PBXBuildFile section */

/* Begin PBXFileReference section */
		9EB1D9D41D9EDB75002C257C /* iBudget.app */ = {isa = PBXFileReference; explicitFileType = wrapper.application; includeInIndex = 0; path = iBudget.app; sourceTree = BUILT_PRODUCTS_DIR; };
		9EB1D9D81D9EDB75002C257C /* main.m */ = {isa = PBXFileReference; lastKnownFileType = sourcecode.c.objc; path = main.m; sourceTree = "<group>"; };
		9EB1D9DA1D9EDB75002C257C /* AppDelegate.h */ = {isa = PBXFileReference; lastKnownFileType = sourcecode.c.h; path = AppDelegate.h; sourceTree = "<group>"; };
		9EB1D9DB1D9EDB75002C257C /* AppDelegate.m */ = {isa = PBXFileReference; lastKnownFileType = sourcecode.c.objc; path = AppDelegate.m; sourceTree = "<group>"; };
		9EB1D9DD1D9EDB75002C257C /* FirstViewController.h */ = {isa = PBXFileReference; lastKnownFileType = sourcecode.c.h; path = FirstViewController.h; sourceTree = "<group>"; };
		9EB1D9DE1D9EDB75002C257C /* FirstViewController.m */ = {isa = PBXFileReference; lastKnownFileType = sourcecode.c.objc; path = FirstViewController.m; sourceTree = "<group>"; };
		9EB1D9E01D9EDB75002C257C /* SecondViewController.h */ = {isa = PBXFileReference; lastKnownFileType = sourcecode.c.h; path = SecondViewController.h; sourceTree = "<group>"; };
		9EB1D9E11D9EDB75002C257C /* SecondViewController.m */ = {isa = PBXFileReference; lastKnownFileType = sourcecode.c.objc; path = SecondViewController.m; sourceTree = "<group>"; };
		9EB1D9E41D9EDB75002C257C /* Base */ = {isa = PBXFileReference; lastKnownFileType = file.storyboard; name = Base; path = Base.lproj/Main.storyboard; sourceTree = "<group>"; };
		9EB1D9E61D9EDB75002C257C /* Assets.xcassets */ = {isa = PBXFileReference; lastKnownFileType = folder.assetcatalog; path = Assets.xcassets; sourceTree = "<group>"; };
		9EB1D9E91D9EDB75002C257C /* Base */ = {isa = PBXFileReference; lastKnownFileType = file.storyboard; name = Base; path = Base.lproj/LaunchScreen.storyboard; sourceTree = "<group>"; };
		9EB1D9EB1D9EDB75002C257C /* Info.plist */ = {isa = PBXFileReference; lastKnownFileType = text.plist.xml; path = Info.plist; sourceTree = "<group>"; };
/* End PBXFileReference section */

/* Begin PBXFrameworksBuildPhase section */
		9EB1D9D11D9EDB75002C257C /* Frameworks */ = {
			isa = PBXFrameworksBuildPhase;
			buildActionMask = 2147483647;
			files = (
			);
			runOnlyForDeploymentPostprocessing = 0;
		};
/* End PBXFrameworksBuildPhase section */

/* Begin PBXGroup section */
		9EB1D9CB1D9EDB75002C257C = {
			isa = PBXGroup;
			children = (
				9EB1D9D61D9EDB75002C257C /* iBudget */,
				9EB1D9D51D9EDB75002C257C /* Products */,
			);
			sourceTree = "<group>";
		};
		9EB1D9D51D9EDB75002C257C /* Products */ = {
			isa = PBXGroup;
			children = (
				9EB1D9D41D9EDB75002C257C /* iBudget.app */,
			);
			name = Products;
			sourceTree = "<group>";
		};
		9EB1D9D61D9EDB75002C257C /* iBudget */ = {
			isa = PBXGroup;
			children = (
				9EB1D9DA1D9EDB75002C257C /* AppDelegate.h */,
				9EB1D9DB1D9EDB75002C257C /* AppDelegate.m */,
				9EB1D9DD1D9EDB75002C257C /* FirstViewController.h */,
				9EB1D9DE1D9EDB75002C257C /* FirstViewController.m */,
				9EB1D9E01D9EDB75002C257C /* SecondViewController.h */,
				9EB1D9E11D9EDB75002C257C /* SecondViewController.m */,
				9EB1D9E31D9EDB75002C257C /* Main.storyboard */,
				9EB1D9E61D9EDB75002C257C /* Assets.xcassets */,
				9EB1D9E81D9EDB75002C257C /* LaunchScreen.storyboard */,
				9EB1D9EB1D9EDB75002C257C /* Info.plist */,
				9EB1D9D71D9EDB75002C257C /* Supporting Files */,
			);
			path = iBudget;
			sourceTree = "<group>";
		};
		9EB1D9D71D9EDB75002C257C /* Supporting Files */ = {
			isa = PBXGroup;
			children = (
				9EB1D9D81D9EDB75002C257C /* main.m */,
			);
			name = "Supporting Files";
			sourceTree = "<group>";
		};
/* End PBXGroup section */

/* Begin PBXNativeTarget section */
		9EB1D9D31D9EDB75002C257C /* iBudget */ = {
			isa = PBXNativeTarget;
			buildConfigurationList = 9EB1D9EE1D9EDB75002C257C /* Build configuration list for PBXNativeTarget "iBudget" */;
			buildPhases = (
				9EB1D9D01D9EDB75002C257C /* Sources */,
				9EB1D9D11D9EDB75002C257C /* Frameworks */,
				9EB1D9D21D9EDB75002C257C /* Resources */,
			);
			buildRules = (
			);
			dependencies = (
			);
			name = iBudget;
			productName = iBudget;
			productReference = 9EB1D9D41D9EDB75002C257C /* iBudget.app */;
			productType = "com.apple.product-type.application";
		};
/* End PBXNativeTarget section */

/* Begin PBXProject section */
		9EB1D9CC1D9EDB75002C257C /* Project object */ = {
			isa = PBXProject;
			attributes = {
				LastUpgradeCheck = 0800;
				ORGANIZATIONNAME = "Bulat Saifutdinov";
				TargetAttributes = {
					9EB1D9D31D9EDB75002C257C = {
						CreatedOnToolsVersion = 8.0;
						ProvisioningStyle = Automatic;
					};
				};
			};
			buildConfigurationList = 9EB1D9CF1D9EDB75002C257C /* Build configuration list for PBXProject "iBudget" */;
			compatibilityVersion = "Xcode 3.2";
			developmentRegion = English;
			hasScannedForEncodings = 0;
			knownRegions = (
				en,
				Base,
			);
			mainGroup = 9EB1D9CB1D9EDB75002C257C;
			productRefGroup = 9EB1D9D51D9EDB75002C257C /* Products */;
			projectDirPath = "";
			projectRoot = "";
			targets = (
				9EB1D9D31D9EDB75002C257C /* iBudget */,
			);
		};
/* End PBXProject section */

/* Begin PBXResourcesBuildPhase section */
		9EB1D9D21D9EDB75002C257C /* Resources */ = {
			isa = PBXResourcesBuildPhase;
			buildActionMask = 2147483647;
			files = (
				9EB1D9EA1D9EDB75002C257C /* LaunchScreen.storyboard in Resources */,
				9EB1D9E71D9EDB75002C257C /* Assets.xcassets in Resources */,
				9EB1D9E51D9EDB75002C257C /* Main.storyboard in Resources */,
			);
			runOnlyForDeploymentPostprocessing = 0;
		};
/* End PBXResourcesBuildPhase section */

/* Begin PBXSourcesBuildPhase section */
		9EB1D9D01D9EDB75002C257C /* Sources */ = {
			isa = PBXSourcesBuildPhase;
			buildActionMask = 2147483647;
			files = (
				9EB1D9E21D9EDB75002C257C /* SecondViewController.m in Sources */,
				9EB1D9DC1D9EDB75002C257C /* AppDelegate.m in Sources */,
				9EB1D9DF1D9EDB75002C257C /* FirstViewController.m in Sources */,
				9EB1D9D91D9EDB75002C257C /* main.m in Sources */,
			);
			runOnlyForDeploymentPostprocessing = 0;
		};
/* End PBXSourcesBuildPhase section */

/* Begin PBXVariantGroup section */
		9EB1D9E31D9EDB75002C257C /* Main.storyboard */ = {
			isa = PBXVariantGroup;
			children = (
				9EB1D9E41D9EDB75002C257C /* Base */,
			);
			name = Main.storyboard;
			sourceTree = "<group>";
		};
		9EB1D9E81D9EDB75002C257C /* LaunchScreen.storyboard */ = {
			isa = PBXVariantGroup;
			children = (
				9EB1D9E91D9EDB75002C257C /* Base */,
			);
			name = LaunchScreen.storyboard;
			sourceTree = "<group>";
		};
/* End PBXVariantGroup section */

/* Begin XCBuildConfiguration section */
		9EB1D9EC1D9EDB75002C257C /* Debug */ = {
			isa = XCBuildConfiguration;
			buildSettings = {
				ALWAYS_SEARCH_USER_PATHS = NO;
				CLANG_ANALYZER_NONNULL = YES;
				CLANG_CXX_LANGUAGE_STANDARD = "gnu++0x";
				CLANG_CXX_LIBRARY = "libc++";
				CLANG_ENABLE_MODULES = YES;
				CLANG_ENABLE_OBJC_ARC = YES;
				CLANG_WARN_BOOL_CONVERSION = YES;
				CLANG_WARN_CONSTANT_CONVERSION = YES;
				CLANG_WARN_DIRECT_OBJC_ISA_USAGE = YES_ERROR;
				CLANG_WARN_DOCUMENTATION_COMMENTS = YES;
				CLANG_WARN_EMPTY_BODY = YES;
				CLANG_WARN_ENUM_CONVERSION = YES;
				CLANG_WARN_INFINITE_RECURSION = YES;
				CLANG_WARN_INT_CONVERSION = YES;
				CLANG_WARN_OBJC_ROOT_CLASS = YES_ERROR;
				CLANG_WARN_SUSPICIOUS_MOVES = YES;
				CLANG_WARN_UNREACHABLE_CODE = YES;
				CLANG_WARN__DUPLICATE_METHOD_MATCH = YES;
				"CODE_SIGN_IDENTITY[sdk=iphoneos*]" = "iPhone Developer";
				COPY_PHASE_STRIP = NO;
				DEBUG_INFORMATION_FORMAT = dwarf;
				ENABLE_STRICT_OBJC_MSGSEND = YES;
				ENABLE_TESTABILITY = YES;
				GCC_C_LANGUAGE_STANDARD = gnu99;
				GCC_DYNAMIC_NO_PIC = NO;
				GCC_NO_COMMON_BLOCKS = YES;
				GCC_OPTIMIZATION_LEVEL = 0;
				GCC_PREPROCESSOR_DEFINITIONS = (
					"DEBUG=1",
					"$(inherited)",
				);
				GCC_WARN_64_TO_32_BIT_CONVERSION = YES;
				GCC_WARN_ABOUT_RETURN_TYPE = YES_ERROR;
				GCC_WARN_UNDECLARED_SELECTOR = YES;
				GCC_WARN_UNINITIALIZED_AUTOS = YES_AGGRESSIVE;
				GCC_WARN_UNUSED_FUNCTION = YES;
				GCC_WARN_UNUSED_VARIABLE = YES;
				IPHONEOS_DEPLOYMENT_TARGET = 10.0;
				MTL_ENABLE_DEBUG_INFO = YES;
				ONLY_ACTIVE_ARCH = YES;
				SDKROOT = iphoneos;
				TARGETED_DEVICE_FAMILY = "1,2";
			};
			name = Debug;
		};
		9EB1D9ED1D9EDB75002C257C /* Release */ = {
			isa = XCBuildConfiguration;
			buildSettings = {
				ALWAYS_SEARCH_USER_PATHS = NO;
				CLANG_ANALYZER_NONNULL = YES;
				CLANG_CXX_LANGUAGE_STANDARD = "gnu++0x";
				CLANG_CXX_LIBRARY = "libc++";
				CLANG_ENABLE_MODULES = YES;
				CLANG_ENABLE_OBJC_ARC = YES;
				CLANG_WARN_BOOL_CONVERSION = YES;
				CLANG_WARN_CONSTANT_CONVERSION = YES;
				CLANG_WARN_DIRECT_OBJC_ISA_USAGE = YES_ERROR;
				CLANG_WARN_DOCUMENTATION_COMMENTS = YES;
				CLANG_WARN_EMPTY_BODY = YES;
				CLANG_WARN_ENUM_CONVERSION = YES;
				CLANG_WARN_INFINITE_RECURSION = YES;
				CLANG_WARN_INT_CONVERSION = YES;
				CLANG_WARN_OBJC_ROOT_CLASS = YES_ERROR;
				CLANG_WARN_SUSPICIOUS_MOVES = YES;
				CLANG_WARN_UNREACHABLE_CODE = YES;
				CLANG_WARN__DUPLICATE_METHOD_MATCH = YES;
				"CODE_SIGN_IDENTITY[sdk=iphoneos*]" = "iPhone Developer";
				COPY_PHASE_STRIP = NO;
				DEBUG_INFORMATION_FORMAT = "dwarf-with-dsym";
				ENABLE_NS_ASSERTIONS = NO;
				ENABLE_STRICT_OBJC_MSGSEND = YES;
				GCC_C_LANGUAGE_STANDARD = gnu99;
				GCC_NO_COMMON_BLOCKS = YES;
				GCC_WARN_64_TO_32_BIT_CONVERSION = YES;
				GCC_WARN_ABOUT_RETURN_TYPE = YES_ERROR;
				GCC_WARN_UNDECLARED_SELECTOR = YES;
				GCC_WARN_UNINITIALIZED_AUTOS = YES_AGGRESSIVE;
				GCC_WARN_UNUSED_FUNCTION = YES;
				GCC_WARN_UNUSED_VARIABLE = YES;
				IPHONEOS_DEPLOYMENT_TARGET = 10.0;
				MTL_ENABLE_DEBUG_INFO = NO;
				SDKROOT = iphoneos;
				TARGETED_DEVICE_FAMILY = "1,2";
				VALIDATE_PRODUCT = YES;
			};
			name = Release;
		};
		9EB1D9EF1D9EDB75002C257C /* Debug */ = {
			isa = XCBuildConfiguration;
			buildSettings = {
				ASSETCATALOG_COMPILER_APPICON_NAME = AppIcon;
				INFOPLIST_FILE = iBudget/Info.plist;
				LD_RUNPATH_SEARCH_PATHS = "$(inherited) @executable_path/Frameworks";
				PRODUCT_BUNDLE_IDENTIFIER = com.bulatss.iBudget;
				PRODUCT_NAME = "$(TARGET_NAME)";
			};
			name = Debug;
		};
		9EB1D9F01D9EDB75002C257C /* Release */ = {
			isa = XCBuildConfiguration;
			buildSettings = {
				ASSETCATALOG_COMPILER_APPICON_NAME = AppIcon;
				INFOPLIST_FILE = iBudget/Info.plist;
				LD_RUNPATH_SEARCH_PATHS = "$(inherited) @executable_path/Frameworks";
				PRODUCT_BUNDLE_IDENTIFIER = com.bulatss.iBudget;
				PRODUCT_NAME = "$(TARGET_NAME)";
			};
			name = Release;
		};
/* End XCBuildConfiguration section */

/* Begin XCConfigurationList section */
		9EB1D9CF1D9EDB75002C257C /* Build configuration list for PBXProject "iBudget" */ = {
			isa = XCConfigurationList;
			buildConfigurations = (
				9EB1D9EC1D9EDB75002C257C /* Debug */,
				9EB1D9ED1D9EDB75002C257C /* Release */,
			);
			defaultConfigurationIsVisible = 0;
			defaultConfigurationName = Release;
		};
		9EB1D9EE1D9EDB75002C257C /* Build configuration list for PBXNativeTarget "iBudget" */ = {
			isa = XCConfigurationList;
			buildConfigurations = (
				9EB1D9EF1D9EDB75002C257C /* Debug */,
				9EB1D9F01D9EDB75002C257C /* Release */,
			);
			defaultConfigurationIsVisible = 0;
		};
/* End XCConfigurationList section */
	};
	rootObject = 9EB1D9CC1D9EDB75002C257C /* Project object */;
}
